// !$*UTF8*$!
{
	archiveVersion = 1;
	classes = {
	};
	objectVersion = 55;
	objects = {

/* Begin PBXBuildFile section */
		153439B929DDD1510071B6A8 /* AppDelegate.swift in Sources */ = {isa = PBXBuildFile; fileRef = 153439B829DDD1510071B6A8 /* AppDelegate.swift */; };
		153439BB29DDD1510071B6A8 /* SceneDelegate.swift in Sources */ = {isa = PBXBuildFile; fileRef = 153439BA29DDD1510071B6A8 /* SceneDelegate.swift */; };
		153439BD29DDD1510071B6A8 /* ViewController.swift in Sources */ = {isa = PBXBuildFile; fileRef = 153439BC29DDD1510071B6A8 /* ViewController.swift */; };
		153439C029DDD1510071B6A8 /* Main.storyboard in Resources */ = {isa = PBXBuildFile; fileRef = 153439BE29DDD1510071B6A8 /* Main.storyboard */; };
		153439C229DDD1520071B6A8 /* Assets.xcassets in Resources */ = {isa = PBXBuildFile; fileRef = 153439C129DDD1520071B6A8 /* Assets.xcassets */; };
		153439C529DDD1520071B6A8 /* LaunchScreen.storyboard in Resources */ = {isa = PBXBuildFile; fileRef = 153439C329DDD1520071B6A8 /* LaunchScreen.storyboard */; };
		153869B929DFEB86003747DD /* GoogleService-Info.plist in Resources */ = {isa = PBXBuildFile; fileRef = 153869B829DFEB86003747DD /* GoogleService-Info.plist */; };
		15986E0129DEAA92001C2D93 /* composeViewController.swift in Sources */ = {isa = PBXBuildFile; fileRef = 15986E0029DEAA92001C2D93 /* composeViewController.swift */; };
		2E95C7C2C1397C30BD45B9CF /* Pods_fireSample.framework in Frameworks */ = {isa = PBXBuildFile; fileRef = C8B8720868DA39F38A042077 /* Pods_fireSample.framework */; };
/* End PBXBuildFile section */

/* Begin PBXFileReference section */
		153439B529DDD1510071B6A8 /* fireSample.app */ = {isa = PBXFileReference; explicitFileType = wrapper.application; includeInIndex = 0; path = fireSample.app; sourceTree = BUILT_PRODUCTS_DIR; };
		153439B829DDD1510071B6A8 /* AppDelegate.swift */ = {isa = PBXFileReference; lastKnownFileType = sourcecode.swift; path = AppDelegate.swift; sourceTree = "<group>"; };
		153439BA29DDD1510071B6A8 /* SceneDelegate.swift */ = {isa = PBXFileReference; lastKnownFileType = sourcecode.swift; path = SceneDelegate.swift; sourceTree = "<group>"; };
		153439BC29DDD1510071B6A8 /* ViewController.swift */ = {isa = PBXFileReference; lastKnownFileType = sourcecode.swift; path = ViewController.swift; sourceTree = "<group>"; tabWidth = 5; };
		153439BF29DDD1510071B6A8 /* Base */ = {isa = PBXFileReference; lastKnownFileType = file.storyboard; name = Base; path = Base.lproj/Main.storyboard; sourceTree = "<group>"; };
		153439C129DDD1520071B6A8 /* Assets.xcassets */ = {isa = PBXFileReference; lastKnownFileType = folder.assetcatalog; path = Assets.xcassets; sourceTree = "<group>"; };
		153439C429DDD1520071B6A8 /* Base */ = {isa = PBXFileReference; lastKnownFileType = file.storyboard; name = Base; path = Base.lproj/LaunchScreen.storyboard; sourceTree = "<group>"; };
		153439C629DDD1520071B6A8 /* Info.plist */ = {isa = PBXFileReference; lastKnownFileType = text.plist.xml; path = Info.plist; sourceTree = "<group>"; };
		153869B829DFEB86003747DD /* GoogleService-Info.plist */ = {isa = PBXFileReference; fileEncoding = 4; lastKnownFileType = text.plist.xml; path = "GoogleService-Info.plist"; sourceTree = "<group>"; };
		15986E0029DEAA92001C2D93 /* composeViewController.swift */ = {isa = PBXFileReference; lastKnownFileType = sourcecode.swift; path = composeViewController.swift; sourceTree = "<group>"; };
		79D7C516D91F2871955B7466 /* Pods-fireSample.release.xcconfig */ = {isa = PBXFileReference; includeInIndex = 1; lastKnownFileType = text.xcconfig; name = "Pods-fireSample.release.xcconfig"; path = "Target Support Files/Pods-fireSample/Pods-fireSample.release.xcconfig"; sourceTree = "<group>"; };
		AC43CDF50AE42F414978E934 /* Pods-fireSample.debug.xcconfig */ = {isa = PBXFileReference; includeInIndex = 1; lastKnownFileType = text.xcconfig; name = "Pods-fireSample.debug.xcconfig"; path = "Target Support Files/Pods-fireSample/Pods-fireSample.debug.xcconfig"; sourceTree = "<group>"; };
		C8B8720868DA39F38A042077 /* Pods_fireSample.framework */ = {isa = PBXFileReference; explicitFileType = wrapper.framework; includeInIndex = 0; path = Pods_fireSample.framework; sourceTree = BUILT_PRODUCTS_DIR; };
/* End PBXFileReference section */

/* Begin PBXFrameworksBuildPhase section */
		153439B229DDD1510071B6A8 /* Frameworks */ = {
			isa = PBXFrameworksBuildPhase;
			buildActionMask = 2147483647;
			files = (
				2E95C7C2C1397C30BD45B9CF /* Pods_fireSample.framework in Frameworks */,
			);
			runOnlyForDeploymentPostprocessing = 0;
		};
/* End PBXFrameworksBuildPhase section */

/* Begin PBXGroup section */
		153439AC29DDD1500071B6A8 = {
			isa = PBXGroup;
			children = (
				153439B729DDD1510071B6A8 /* fireSample */,
				153439B629DDD1510071B6A8 /* Products */,
				D3BCEE2364A43B2EED56C955 /* Pods */,
				EACF15EA30EF6FC25F42AA53 /* Frameworks */,
			);
			sourceTree = "<group>";
		};
		153439B629DDD1510071B6A8 /* Products */ = {
			isa = PBXGroup;
			children = (
				153439B529DDD1510071B6A8 /* fireSample.app */,
			);
			name = Products;
			sourceTree = "<group>";
		};
		153439B729DDD1510071B6A8 /* fireSample */ = {
			isa = PBXGroup;
			children = (
				153439B829DDD1510071B6A8 /* AppDelegate.swift */,
				153439BA29DDD1510071B6A8 /* SceneDelegate.swift */,
				153439BC29DDD1510071B6A8 /* ViewController.swift */,
				15986E0029DEAA92001C2D93 /* composeViewController.swift */,
				153439BE29DDD1510071B6A8 /* Main.storyboard */,
				153439C129DDD1520071B6A8 /* Assets.xcassets */,
				153439C329DDD1520071B6A8 /* LaunchScreen.storyboard */,
				153439C629DDD1520071B6A8 /* Info.plist */,
				153869B829DFEB86003747DD /* GoogleService-Info.plist */,
			);
			path = fireSample;
			sourceTree = "<group>";
		};
		D3BCEE2364A43B2EED56C955 /* Pods */ = {
			isa = PBXGroup;
			children = (
				AC43CDF50AE42F414978E934 /* Pods-fireSample.debug.xcconfig */,
				79D7C516D91F2871955B7466 /* Pods-fireSample.release.xcconfig */,
			);
			path = Pods;
			sourceTree = "<group>";
		};
		EACF15EA30EF6FC25F42AA53 /* Frameworks */ = {
			isa = PBXGroup;
			children = (
				C8B8720868DA39F38A042077 /* Pods_fireSample.framework */,
			);
			name = Frameworks;
			sourceTree = "<group>";
		};
/* End PBXGroup section */

/* Begin PBXNativeTarget section */
		153439B429DDD1510071B6A8 /* fireSample */ = {
			isa = PBXNativeTarget;
			buildConfigurationList = 153439C929DDD1520071B6A8 /* Build configuration list for PBXNativeTarget "fireSample" */;
			buildPhases = (
				2F2E7FB4457E583348864E7B /* [CP] Check Pods Manifest.lock */,
				153439B129DDD1510071B6A8 /* Sources */,
				153439B229DDD1510071B6A8 /* Frameworks */,
				153439B329DDD1510071B6A8 /* Resources */,
				4E7F6723B50C11A3EAB1FBF9 /* [CP] Embed Pods Frameworks */,
			);
			buildRules = (
			);
			dependencies = (
			);
			name = fireSample;
			productName = fireSample;
			productReference = 153439B529DDD1510071B6A8 /* fireSample.app */;
			productType = "com.apple.product-type.application";
		};
/* End PBXNativeTarget section */

/* Begin PBXProject section */
		153439AD29DDD1500071B6A8 /* Project object */ = {
			isa = PBXProject;
			attributes = {
				BuildIndependentTargetsInParallel = 1;
				LastSwiftUpdateCheck = 1410;
				LastUpgradeCheck = 1410;
				TargetAttributes = {
					153439B429DDD1510071B6A8 = {
						CreatedOnToolsVersion = 14.1;
					};
				};
			};
			buildConfigurationList = 153439B029DDD1500071B6A8 /* Build configuration list for PBXProject "fireSample" */;
			compatibilityVersion = "Xcode 13.0";
			developmentRegion = en;
			hasScannedForEncodings = 0;
			knownRegions = (
				en,
				Base,
			);
			mainGroup = 153439AC29DDD1500071B6A8;
			productRefGroup = 153439B629DDD1510071B6A8 /* Products */;
			projectDirPath = "";
			projectRoot = "";
			targets = (
				153439B429DDD1510071B6A8 /* fireSample */,
			);
		};
/* End PBXProject section */

/* Begin PBXResourcesBuildPhase section */
		153439B329DDD1510071B6A8 /* Resources */ = {
			isa = PBXResourcesBuildPhase;
			buildActionMask = 2147483647;
			files = (
				153439C529DDD1520071B6A8 /* LaunchScreen.storyboard in Resources */,
				153869B929DFEB86003747DD /* GoogleService-Info.plist in Resources */,
				153439C229DDD1520071B6A8 /* Assets.xcassets in Resources */,
				153439C029DDD1510071B6A8 /* Main.storyboard in Resources */,
			);
			runOnlyForDeploymentPostprocessing = 0;
		};
/* End PBXResourcesBuildPhase section */

/* Begin PBXShellScriptBuildPhase section */
		2F2E7FB4457E583348864E7B /* [CP] Check Pods Manifest.lock */ = {
			isa = PBXShellScriptBuildPhase;
			buildActionMask = 2147483647;
			files = (
			);
			inputFileListPaths = (
			);
			inputPaths = (
				"${PODS_PODFILE_DIR_PATH}/Podfile.lock",
				"${PODS_ROOT}/Manifest.lock",
			);
			name = "[CP] Check Pods Manifest.lock";
			outputFileListPaths = (
			);
			outputPaths = (
				"$(DERIVED_FILE_DIR)/Pods-fireSample-checkManifestLockResult.txt",
			);
			runOnlyForDeploymentPostprocessing = 0;
			shellPath = /bin/sh;
			shellScript = "diff \"${PODS_PODFILE_DIR_PATH}/Podfile.lock\" \"${PODS_ROOT}/Manifest.lock\" > /dev/null\nif [ $? != 0 ] ; then\n    # print error to STDERR\n    echo \"error: The sandbox is not in sync with the Podfile.lock. Run 'pod install' or update your CocoaPods installation.\" >&2\n    exit 1\nfi\n# This output is used by Xcode 'outputs' to avoid re-running this script phase.\necho \"SUCCESS\" > \"${SCRIPT_OUTPUT_FILE_0}\"\n";
			showEnvVarsInLog = 0;
		};
		4E7F6723B50C11A3EAB1FBF9 /* [CP] Embed Pods Frameworks */ = {
			isa = PBXShellScriptBuildPhase;
			buildActionMask = 2147483647;
			files = (
			);
			inputFileListPaths = (
				"${PODS_ROOT}/Target Support Files/Pods-fireSample/Pods-fireSample-frameworks-${CONFIGURATION}-input-files.xcfilelist",
			);
			name = "[CP] Embed Pods Frameworks";
			outputFileListPaths = (
				"${PODS_ROOT}/Target Support Files/Pods-fireSample/Pods-fireSample-frameworks-${CONFIGURATION}-output-files.xcfilelist",
			);
			runOnlyForDeploymentPostprocessing = 0;
			shellPath = /bin/sh;
			shellScript = "\"${PODS_ROOT}/Target Support Files/Pods-fireSample/Pods-fireSample-frameworks.sh\"\n";
			showEnvVarsInLog = 0;
		};
/* End PBXShellScriptBuildPhase section */

/* Begin PBXSourcesBuildPhase section */
		153439B129DDD1510071B6A8 /* Sources */ = {
			isa = PBXSourcesBuildPhase;
			buildActionMask = 2147483647;
			files = (
				153439BD29DDD1510071B6A8 /* ViewController.swift in Sources */,
				153439B929DDD1510071B6A8 /* AppDelegate.swift in Sources */,
				153439BB29DDD1510071B6A8 /* SceneDelegate.swift in Sources */,
				15986E0129DEAA92001C2D93 /* composeViewController.swift in Sources */,
			);
			runOnlyForDeploymentPostprocessing = 0;
		};
/* End PBXSourcesBuildPhase section */

/* Begin PBXVariantGroup section */
		153439BE29DDD1510071B6A8 /* Main.storyboard */ = {
			isa = PBXVariantGroup;
			children = (
				153439BF29DDD1510071B6A8 /* Base */,
			);
			name = Main.storyboard;
			sourceTree = "<group>";
		};
		153439C329DDD1520071B6A8 /* LaunchScreen.storyboard */ = {
			isa = PBXVariantGroup;
			children = (
				153439C429DDD1520071B6A8 /* Base */,
			);
			name = LaunchScreen.storyboard;
			sourceTree = "<group>";
		};
/* End PBXVariantGroup section */

/* Begin XCBuildConfiguration section */
		153439C729DDD1520071B6A8 /* Debug */ = {
			isa = XCBuildConfiguration;
			buildSettings = {
				ALWAYS_SEARCH_USER_PATHS = NO;
				CLANG_ANALYZER_NONNULL = YES;
				CLANG_ANALYZER_NUMBER_OBJECT_CONVERSION = YES_AGGRESSIVE;
				CLANG_CXX_LANGUAGE_STANDARD = "gnu++20";
				CLANG_ENABLE_MODULES = YES;
				CLANG_ENABLE_OBJC_ARC = YES;
				CLANG_ENABLE_OBJC_WEAK = YES;
				CLANG_WARN_BLOCK_CAPTURE_AUTORELEASING = YES;
				CLANG_WARN_BOOL_CONVERSION = YES;
				CLANG_WARN_COMMA = YES;
				CLANG_WARN_CONSTANT_CONVERSION = YES;
				CLANG_WARN_DEPRECATED_OBJC_IMPLEMENTATIONS = YES;
				CLANG_WARN_DIRECT_OBJC_ISA_USAGE = YES_ERROR;
				CLANG_WARN_DOCUMENTATION_COMMENTS = YES;
				CLANG_WARN_EMPTY_BODY = YES;
				CLANG_WARN_ENUM_CONVERSION = YES;
				CLANG_WARN_INFINITE_RECURSION = YES;
				CLANG_WARN_INT_CONVERSION = YES;
				CLANG_WARN_NON_LITERAL_NULL_CONVERSION = YES;
				CLANG_WARN_OBJC_IMPLICIT_RETAIN_SELF = YES;
				CLANG_WARN_OBJC_LITERAL_CONVERSION = YES;
				CLANG_WARN_OBJC_ROOT_CLASS = YES_ERROR;
				CLANG_WARN_QUOTED_INCLUDE_IN_FRAMEWORK_HEADER = YES;
				CLANG_WARN_RANGE_LOOP_ANALYSIS = YES;
				CLANG_WARN_STRICT_PROTOTYPES = YES;
				CLANG_WARN_SUSPICIOUS_MOVE = YES;
				CLANG_WARN_UNGUARDED_AVAILABILITY = YES_AGGRESSIVE;
				CLANG_WARN_UNREACHABLE_CODE = YES;
				CLANG_WARN__DUPLICATE_METHOD_MATCH = YES;
				COPY_PHASE_STRIP = NO;
				DEBUG_INFORMATION_FORMAT = dwarf;
				ENABLE_STRICT_OBJC_MSGSEND = YES;
				ENABLE_TESTABILITY = YES;
				GCC_C_LANGUAGE_STANDARD = gnu11;
				GCC_DYNAMIC_NO_PIC = NO;
				GCC_NO_COMMON_BLOCKS = YES;
				GCC_OPTIMIZATION_LEVEL = 0;
				GCC_PREPROCESSOR_DEFINITIONS = (
					"DEBUG=1",
					"$(inherited)",
				);
				GCC_WARN_64_TO_32_BIT_CONVERSION = YES;
				GCC_WARN_ABOUT_RETURN_TYPE = YES_ERROR;
				GCC_WARN_UNDECLARED_SELECTOR = YES;
				GCC_WARN_UNINITIALIZED_AUTOS = YES_AGGRESSIVE;
				GCC_WARN_UNUSED_FUNCTION = YES;
				GCC_WARN_UNUSED_VARIABLE = YES;
				IPHONEOS_DEPLOYMENT_TARGET = 16.1;
				MTL_ENABLE_DEBUG_INFO = INCLUDE_SOURCE;
				MTL_FAST_MATH = YES;
				ONLY_ACTIVE_ARCH = YES;
				SDKROOT = iphoneos;
				SWIFT_ACTIVE_COMPILATION_CONDITIONS = DEBUG;
				SWIFT_OPTIMIZATION_LEVEL = "-Onone";
			};
			name = Debug;
		};
		153439C829DDD1520071B6A8 /* Release */ = {
			isa = XCBuildConfiguration;
			buildSettings = {
				ALWAYS_SEARCH_USER_PATHS = NO;
				CLANG_ANALYZER_NONNULL = YES;
				CLANG_ANALYZER_NUMBER_OBJECT_CONVERSION = YES_AGGRESSIVE;
				CLANG_CXX_LANGUAGE_STANDARD = "gnu++20";
				CLANG_ENABLE_MODULES = YES;
				CLANG_ENABLE_OBJC_ARC = YES;
				CLANG_ENABLE_OBJC_WEAK = YES;
				CLANG_WARN_BLOCK_CAPTURE_AUTORELEASING = YES;
				CLANG_WARN_BOOL_CONVERSION = YES;
				CLANG_WARN_COMMA = YES;
				CLANG_WARN_CONSTANT_CONVERSION = YES;
				CLANG_WARN_DEPRECATED_OBJC_IMPLEMENTATIONS = YES;
				CLANG_WARN_DIRECT_OBJC_ISA_USAGE = YES_ERROR;
				CLANG_WARN_DOCUMENTATION_COMMENTS = YES;
				CLANG_WARN_EMPTY_BODY = YES;
				CLANG_WARN_ENUM_CONVERSION = YES;
				CLANG_WARN_INFINITE_RECURSION = YES;
				CLANG_WARN_INT_CONVERSION = YES;
				CLANG_WARN_NON_LITERAL_NULL_CONVERSION = YES;
				CLANG_WARN_OBJC_IMPLICIT_RETAIN_SELF = YES;
				CLANG_WARN_OBJC_LITERAL_CONVERSION = YES;
				CLANG_WARN_OBJC_ROOT_CLASS = YES_ERROR;
				CLANG_WARN_QUOTED_INCLUDE_IN_FRAMEWORK_HEADER = YES;
				CLANG_WARN_RANGE_LOOP_ANALYSIS = YES;
				CLANG_WARN_STRICT_PROTOTYPES = YES;
				CLANG_WARN_SUSPICIOUS_MOVE = YES;
				CLANG_WARN_UNGUARDED_AVAILABILITY = YES_AGGRESSIVE;
				CLANG_WARN_UNREACHABLE_CODE = YES;
				CLANG_WARN__DUPLICATE_METHOD_MATCH = YES;
				COPY_PHASE_STRIP = NO;
				DEBUG_INFORMATION_FORMAT = "dwarf-with-dsym";
				ENABLE_NS_ASSERTIONS = NO;
				ENABLE_STRICT_OBJC_MSGSEND = YES;
				GCC_C_LANGUAGE_STANDARD = gnu11;
				GCC_NO_COMMON_BLOCKS = YES;
				GCC_WARN_64_TO_32_BIT_CONVERSION = YES;
				GCC_WARN_ABOUT_RETURN_TYPE = YES_ERROR;
				GCC_WARN_UNDECLARED_SELECTOR = YES;
				GCC_WARN_UNINITIALIZED_AUTOS = YES_AGGRESSIVE;
				GCC_WARN_UNUSED_FUNCTION = YES;
				GCC_WARN_UNUSED_VARIABLE = YES;
				IPHONEOS_DEPLOYMENT_TARGET = 16.1;
				MTL_ENABLE_DEBUG_INFO = NO;
				MTL_FAST_MATH = YES;
				SDKROOT = iphoneos;
				SWIFT_COMPILATION_MODE = wholemodule;
				SWIFT_OPTIMIZATION_LEVEL = "-O";
				VALIDATE_PRODUCT = YES;
			};
			name = Release;
		};
		153439CA29DDD1520071B6A8 /* Debug */ = {
			isa = XCBuildConfiguration;
			baseConfigurationReference = AC43CDF50AE42F414978E934 /* Pods-fireSample.debug.xcconfig */;
			buildSettings = {
				ASSETCATALOG_COMPILER_APPICON_NAME = AppIcon;
				ASSETCATALOG_COMPILER_GLOBAL_ACCENT_COLOR_NAME = AccentColor;
				CODE_SIGN_STYLE = Automatic;
				CURRENT_PROJECT_VERSION = 1;
				DEVELOPMENT_TEAM = KH9MT2XX5D;
				GENERATE_INFOPLIST_FILE = YES;
				INFOPLIST_FILE = fireSample/Info.plist;
				INFOPLIST_KEY_UIApplicationSupportsIndirectInputEvents = YES;
				INFOPLIST_KEY_UILaunchStoryboardName = LaunchScreen;
				INFOPLIST_KEY_UIMainStoryboardFile = Main;
				INFOPLIST_KEY_UISupportedInterfaceOrientations_iPad = "UIInterfaceOrientationPortrait UIInterfaceOrientationPortraitUpsideDown UIInterfaceOrientationLandscapeLeft UIInterfaceOrientationLandscapeRight";
				INFOPLIST_KEY_UISupportedInterfaceOrientations_iPhone = "UIInterfaceOrientationPortrait UIInterfaceOrientationLandscapeLeft UIInterfaceOrientationLandscapeRight";
				IPHONEOS_DEPLOYMENT_TARGET = 15.0;
				LD_RUNPATH_SEARCH_PATHS = (
					"$(inherited)",
					"@executable_path/Frameworks",
				);
				MARKETING_VERSION = 1.0;
				PRODUCT_BUNDLE_IDENTIFIER = "com.PEPUL-TECH-PRIVATE-LIMITED.fireSample";
				PRODUCT_NAME = "$(TARGET_NAME)";
				SWIFT_EMIT_LOC_STRINGS = YES;
				SWIFT_VERSION = 5.0;
				TARGETED_DEVICE_FAMILY = "1,2";
			};
			name = Debug;
		};
		153439CB29DDD1520071B6A8 /* Release */ = {
			isa = XCBuildConfiguration;
			baseConfigurationReference = 79D7C516D91F2871955B7466 /* Pods-fireSample.release.xcconfig */;
			buildSettings = {
				ASSETCATALOG_COMPILER_APPICON_NAME = AppIcon;
				ASSETCATALOG_COMPILER_GLOBAL_ACCENT_COLOR_NAME = AccentColor;
				CODE_SIGN_STYLE = Automatic;
				CURRENT_PROJECT_VERSION = 1;
				DEVELOPMENT_TEAM = KH9MT2XX5D;
				GENERATE_INFOPLIST_FILE = YES;
				INFOPLIST_FILE = fireSample/Info.plist;
				INFOPLIST_KEY_UIApplicationSupportsIndirectInputEvents = YES;
				INFOPLIST_KEY_UILaunchStoryboardName = LaunchScreen;
				INFOPLIST_KEY_UIMainStoryboardFile = Main;
				INFOPLIST_KEY_UISupportedInterfaceOrientations_iPad = "UIInterfaceOrientationPortrait UIInterfaceOrientationPortraitUpsideDown UIInterfaceOrientationLandscapeLeft UIInterfaceOrientationLandscapeRight";
				INFOPLIST_KEY_UISupportedInterfaceOrientations_iPhone = "UIInterfaceOrientationPortrait UIInterfaceOrientationLandscapeLeft UIInterfaceOrientationLandscapeRight";
				IPHONEOS_DEPLOYMENT_TARGET = 15.0;
				LD_RUNPATH_SEARCH_PATHS = (
					"$(inherited)",
					"@executable_path/Frameworks",
				);
				MARKETING_VERSION = 1.0;
				PRODUCT_BUNDLE_IDENTIFIER = "com.PEPUL-TECH-PRIVATE-LIMITED.fireSample";
				PRODUCT_NAME = "$(TARGET_NAME)";
				SWIFT_EMIT_LOC_STRINGS = YES;
				SWIFT_VERSION = 5.0;
				TARGETED_DEVICE_FAMILY = "1,2";
			};
			name = Release;
		};
/* End XCBuildConfiguration section */

/* Begin XCConfigurationList section */
		153439B029DDD1500071B6A8 /* Build configuration list for PBXProject "fireSample" */ = {
			isa = XCConfigurationList;
			buildConfigurations = (
				153439C729DDD1520071B6A8 /* Debug */,
				153439C829DDD1520071B6A8 /* Release */,
			);
			defaultConfigurationIsVisible = 0;
			defaultConfigurationName = Release;
		};
		153439C929DDD1520071B6A8 /* Build configuration list for PBXNativeTarget "fireSample" */ = {
			isa = XCConfigurationList;
			buildConfigurations = (
				153439CA29DDD1520071B6A8 /* Debug */,
				153439CB29DDD1520071B6A8 /* Release */,
			);
			defaultConfigurationIsVisible = 0;
			defaultConfigurationName = Release;
		};
/* End XCConfigurationList section */
	};
	rootObject = 153439AD29DDD1500071B6A8 /* Project object */;
}
